// !$*UTF8*$!
{
	archiveVersion = 1;
	classes = {
	};
	objectVersion = 55;
	objects = {

/* Begin PBXBuildFile section */
		856E26EF293E10B70007DE76 /* AppDelegate.swift in Sources */ = {isa = PBXBuildFile; fileRef = 856E26EE293E10B70007DE76 /* AppDelegate.swift */; };
		856E26F1293E10B70007DE76 /* SceneDelegate.swift in Sources */ = {isa = PBXBuildFile; fileRef = 856E26F0293E10B70007DE76 /* SceneDelegate.swift */; };
		856E26F3293E10B70007DE76 /* ViewController.swift in Sources */ = {isa = PBXBuildFile; fileRef = 856E26F2293E10B70007DE76 /* ViewController.swift */; };
		856E26F6293E10B70007DE76 /* Main.storyboard in Resources */ = {isa = PBXBuildFile; fileRef = 856E26F4293E10B70007DE76 /* Main.storyboard */; };
		856E26F8293E10B80007DE76 /* Assets.xcassets in Resources */ = {isa = PBXBuildFile; fileRef = 856E26F7293E10B80007DE76 /* Assets.xcassets */; };
		856E26FB293E10B80007DE76 /* LaunchScreen.storyboard in Resources */ = {isa = PBXBuildFile; fileRef = 856E26F9293E10B80007DE76 /* LaunchScreen.storyboard */; };
		85950D16293E541E00A41012 /* ContactsViewController.swift in Sources */ = {isa = PBXBuildFile; fileRef = 85950D15293E541E00A41012 /* ContactsViewController.swift */; };
		85950D18293E544800A41012 /* PersonalityViewController.swift in Sources */ = {isa = PBXBuildFile; fileRef = 85950D17293E544800A41012 /* PersonalityViewController.swift */; };
		85950D1A293E5AC700A41012 /* InfoAboutPersonViewController.swift in Sources */ = {isa = PBXBuildFile; fileRef = 85950D19293E5AC700A41012 /* InfoAboutPersonViewController.swift */; };
		85950D1D293E63AE00A41012 /* Person.swift in Sources */ = {isa = PBXBuildFile; fileRef = 85950D1C293E63AE00A41012 /* Person.swift */; };
		85950D20293E704400A41012 /* DataService.swift in Sources */ = {isa = PBXBuildFile; fileRef = 85950D1F293E704400A41012 /* DataService.swift */; };
/* End PBXBuildFile section */

/* Begin PBXFileReference section */
		856E26EB293E10B70007DE76 /* ContactsApp.app */ = {isa = PBXFileReference; explicitFileType = wrapper.application; includeInIndex = 0; path = ContactsApp.app; sourceTree = BUILT_PRODUCTS_DIR; };
		856E26EE293E10B70007DE76 /* AppDelegate.swift */ = {isa = PBXFileReference; lastKnownFileType = sourcecode.swift; path = AppDelegate.swift; sourceTree = "<group>"; };
		856E26F0293E10B70007DE76 /* SceneDelegate.swift */ = {isa = PBXFileReference; lastKnownFileType = sourcecode.swift; path = SceneDelegate.swift; sourceTree = "<group>"; };
		856E26F2293E10B70007DE76 /* ViewController.swift */ = {isa = PBXFileReference; lastKnownFileType = sourcecode.swift; path = ViewController.swift; sourceTree = "<group>"; };
		856E26F5293E10B70007DE76 /* Base */ = {isa = PBXFileReference; lastKnownFileType = file.storyboard; name = Base; path = Base.lproj/Main.storyboard; sourceTree = "<group>"; };
		856E26F7293E10B80007DE76 /* Assets.xcassets */ = {isa = PBXFileReference; lastKnownFileType = folder.assetcatalog; path = Assets.xcassets; sourceTree = "<group>"; };
		856E26FA293E10B80007DE76 /* Base */ = {isa = PBXFileReference; lastKnownFileType = file.storyboard; name = Base; path = Base.lproj/LaunchScreen.storyboard; sourceTree = "<group>"; };
		856E26FC293E10B80007DE76 /* Info.plist */ = {isa = PBXFileReference; lastKnownFileType = text.plist.xml; path = Info.plist; sourceTree = "<group>"; };
		85950D15293E541E00A41012 /* ContactsViewController.swift */ = {isa = PBXFileReference; lastKnownFileType = sourcecode.swift; path = ContactsViewController.swift; sourceTree = "<group>"; };
		85950D17293E544800A41012 /* PersonalityViewController.swift */ = {isa = PBXFileReference; lastKnownFileType = sourcecode.swift; path = PersonalityViewController.swift; sourceTree = "<group>"; };
		85950D19293E5AC700A41012 /* InfoAboutPersonViewController.swift */ = {isa = PBXFileReference; lastKnownFileType = sourcecode.swift; path = InfoAboutPersonViewController.swift; sourceTree = "<group>"; };
		85950D1C293E63AE00A41012 /* Person.swift */ = {isa = PBXFileReference; lastKnownFileType = sourcecode.swift; path = Person.swift; sourceTree = "<group>"; };
		85950D1F293E704400A41012 /* DataService.swift */ = {isa = PBXFileReference; lastKnownFileType = sourcecode.swift; path = DataService.swift; sourceTree = "<group>"; };
/* End PBXFileReference section */

/* Begin PBXFrameworksBuildPhase section */
		856E26E8293E10B70007DE76 /* Frameworks */ = {
			isa = PBXFrameworksBuildPhase;
			buildActionMask = 2147483647;
			files = (
			);
			runOnlyForDeploymentPostprocessing = 0;
		};
/* End PBXFrameworksBuildPhase section */

/* Begin PBXGroup section */
		856E26E2293E10B70007DE76 = {
			isa = PBXGroup;
			children = (
				856E26ED293E10B70007DE76 /* ContactsApp */,
				856E26EC293E10B70007DE76 /* Products */,
			);
			sourceTree = "<group>";
		};
		856E26EC293E10B70007DE76 /* Products */ = {
			isa = PBXGroup;
			children = (
				856E26EB293E10B70007DE76 /* ContactsApp.app */,
			);
			name = Products;
			sourceTree = "<group>";
		};
		856E26ED293E10B70007DE76 /* ContactsApp */ = {
			isa = PBXGroup;
			children = (
				85950D1E293E702900A41012 /* DataService */,
				85950D1B293E638A00A41012 /* Models */,
				85950D14293E4F8900A41012 /* Controllers */,
				85950D13293E4F1100A41012 /* Views */,
				856E26EE293E10B70007DE76 /* AppDelegate.swift */,
				856E26F0293E10B70007DE76 /* SceneDelegate.swift */,
				856E26F2293E10B70007DE76 /* ViewController.swift */,
				856E26F7293E10B80007DE76 /* Assets.xcassets */,
				856E26FC293E10B80007DE76 /* Info.plist */,
			);
			path = ContactsApp;
			sourceTree = "<group>";
		};
		85950D13293E4F1100A41012 /* Views */ = {
			isa = PBXGroup;
			children = (
				856E26F4293E10B70007DE76 /* Main.storyboard */,
				856E26F9293E10B80007DE76 /* LaunchScreen.storyboard */,
			);
			path = Views;
			sourceTree = "<group>";
		};
		85950D14293E4F8900A41012 /* Controllers */ = {
			isa = PBXGroup;
			children = (
				85950D15293E541E00A41012 /* ContactsViewController.swift */,
				85950D17293E544800A41012 /* PersonalityViewController.swift */,
				85950D19293E5AC700A41012 /* InfoAboutPersonViewController.swift */,
			);
			path = Controllers;
			sourceTree = "<group>";
		};
		85950D1B293E638A00A41012 /* Models */ = {
			isa = PBXGroup;
			children = (
				85950D1C293E63AE00A41012 /* Person.swift */,
			);
			path = Models;
			sourceTree = "<group>";
		};
		85950D1E293E702900A41012 /* DataService */ = {
			isa = PBXGroup;
			children = (
				85950D1F293E704400A41012 /* DataService.swift */,
			);
			path = DataService;
			sourceTree = "<group>";
		};
/* End PBXGroup section */

/* Begin PBXNativeTarget section */
		856E26EA293E10B70007DE76 /* ContactsApp */ = {
			isa = PBXNativeTarget;
			buildConfigurationList = 856E26FF293E10B80007DE76 /* Build configuration list for PBXNativeTarget "ContactsApp" */;
			buildPhases = (
				856E26E7293E10B70007DE76 /* Sources */,
				856E26E8293E10B70007DE76 /* Frameworks */,
				856E26E9293E10B70007DE76 /* Resources */,
			);
			buildRules = (
			);
			dependencies = (
			);
			name = ContactsApp;
			productName = ContactsApp;
			productReference = 856E26EB293E10B70007DE76 /* ContactsApp.app */;
			productType = "com.apple.product-type.application";
		};
/* End PBXNativeTarget section */

/* Begin PBXProject section */
		856E26E3293E10B70007DE76 /* Project object */ = {
			isa = PBXProject;
			attributes = {
				BuildIndependentTargetsInParallel = 1;
				LastSwiftUpdateCheck = 1330;
				LastUpgradeCheck = 1330;
				TargetAttributes = {
					856E26EA293E10B70007DE76 = {
						CreatedOnToolsVersion = 13.3;
					};
				};
			};
			buildConfigurationList = 856E26E6293E10B70007DE76 /* Build configuration list for PBXProject "ContactsApp" */;
			compatibilityVersion = "Xcode 13.0";
			developmentRegion = en;
			hasScannedForEncodings = 0;
			knownRegions = (
				en,
				Base,
			);
			mainGroup = 856E26E2293E10B70007DE76;
			productRefGroup = 856E26EC293E10B70007DE76 /* Products */;
			projectDirPath = "";
			projectRoot = "";
			targets = (
				856E26EA293E10B70007DE76 /* ContactsApp */,
			);
		};
/* End PBXProject section */

/* Begin PBXResourcesBuildPhase section */
		856E26E9293E10B70007DE76 /* Resources */ = {
			isa = PBXResourcesBuildPhase;
			buildActionMask = 2147483647;
			files = (
				856E26FB293E10B80007DE76 /* LaunchScreen.storyboard in Resources */,
				856E26F8293E10B80007DE76 /* Assets.xcassets in Resources */,
				856E26F6293E10B70007DE76 /* Main.storyboard in Resources */,
			);
			runOnlyForDeploymentPostprocessing = 0;
		};
/* End PBXResourcesBuildPhase section */

/* Begin PBXSourcesBuildPhase section */
		856E26E7293E10B70007DE76 /* Sources */ = {
			isa = PBXSourcesBuildPhase;
			buildActionMask = 2147483647;
			files = (
				856E26F3293E10B70007DE76 /* ViewController.swift in Sources */,
				85950D1D293E63AE00A41012 /* Person.swift in Sources */,
				85950D16293E541E00A41012 /* ContactsViewController.swift in Sources */,
				856E26EF293E10B70007DE76 /* AppDelegate.swift in Sources */,
				85950D18293E544800A41012 /* PersonalityViewController.swift in Sources */,
				856E26F1293E10B70007DE76 /* SceneDelegate.swift in Sources */,
				85950D1A293E5AC700A41012 /* InfoAboutPersonViewController.swift in Sources */,
				85950D20293E704400A41012 /* DataService.swift in Sources */,
			);
			runOnlyForDeploymentPostprocessing = 0;
		};
/* End PBXSourcesBuildPhase section */

/* Begin PBXVariantGroup section */
		856E26F4293E10B70007DE76 /* Main.storyboard */ = {
			isa = PBXVariantGroup;
			children = (
				856E26F5293E10B70007DE76 /* Base */,
			);
			name = Main.storyboard;
			sourceTree = "<group>";
		};
		856E26F9293E10B80007DE76 /* LaunchScreen.storyboard */ = {
			isa = PBXVariantGroup;
			children = (
				856E26FA293E10B80007DE76 /* Base */,
			);
			name = LaunchScreen.storyboard;
			sourceTree = "<group>";
		};
/* End PBXVariantGroup section */

/* Begin XCBuildConfiguration section */
		856E26FD293E10B80007DE76 /* Debug */ = {
			isa = XCBuildConfiguration;
			buildSettings = {
				ALWAYS_SEARCH_USER_PATHS = NO;
				CLANG_ANALYZER_NONNULL = YES;
				CLANG_ANALYZER_NUMBER_OBJECT_CONVERSION = YES_AGGRESSIVE;
				CLANG_CXX_LANGUAGE_STANDARD = "gnu++17";
				CLANG_ENABLE_MODULES = YES;
				CLANG_ENABLE_OBJC_ARC = YES;
				CLANG_ENABLE_OBJC_WEAK = YES;
				CLANG_WARN_BLOCK_CAPTURE_AUTORELEASING = YES;
				CLANG_WARN_BOOL_CONVERSION = YES;
				CLANG_WARN_COMMA = YES;
				CLANG_WARN_CONSTANT_CONVERSION = YES;
				CLANG_WARN_DEPRECATED_OBJC_IMPLEMENTATIONS = YES;
				CLANG_WARN_DIRECT_OBJC_ISA_USAGE = YES_ERROR;
				CLANG_WARN_DOCUMENTATION_COMMENTS = YES;
				CLANG_WARN_EMPTY_BODY = YES;
				CLANG_WARN_ENUM_CONVERSION = YES;
				CLANG_WARN_INFINITE_RECURSION = YES;
				CLANG_WARN_INT_CONVERSION = YES;
				CLANG_WARN_NON_LITERAL_NULL_CONVERSION = YES;
				CLANG_WARN_OBJC_IMPLICIT_RETAIN_SELF = YES;
				CLANG_WARN_OBJC_LITERAL_CONVERSION = YES;
				CLANG_WARN_OBJC_ROOT_CLASS = YES_ERROR;
				CLANG_WARN_QUOTED_INCLUDE_IN_FRAMEWORK_HEADER = YES;
				CLANG_WARN_RANGE_LOOP_ANALYSIS = YES;
				CLANG_WARN_STRICT_PROTOTYPES = YES;
				CLANG_WARN_SUSPICIOUS_MOVE = YES;
				CLANG_WARN_UNGUARDED_AVAILABILITY = YES_AGGRESSIVE;
				CLANG_WARN_UNREACHABLE_CODE = YES;
				CLANG_WARN__DUPLICATE_METHOD_MATCH = YES;
				COPY_PHASE_STRIP = NO;
				DEBUG_INFORMATION_FORMAT = dwarf;
				ENABLE_STRICT_OBJC_MSGSEND = YES;
				ENABLE_TESTABILITY = YES;
				GCC_C_LANGUAGE_STANDARD = gnu11;
				GCC_DYNAMIC_NO_PIC = NO;
				GCC_NO_COMMON_BLOCKS = YES;
				GCC_OPTIMIZATION_LEVEL = 0;
				GCC_PREPROCESSOR_DEFINITIONS = (
					"DEBUG=1",
					"$(inherited)",
				);
				GCC_WARN_64_TO_32_BIT_CONVERSION = YES;
				GCC_WARN_ABOUT_RETURN_TYPE = YES_ERROR;
				GCC_WARN_UNDECLARED_SELECTOR = YES;
				GCC_WARN_UNINITIALIZED_AUTOS = YES_AGGRESSIVE;
				GCC_WARN_UNUSED_FUNCTION = YES;
				GCC_WARN_UNUSED_VARIABLE = YES;
				IPHONEOS_DEPLOYMENT_TARGET = 15.4;
				MTL_ENABLE_DEBUG_INFO = INCLUDE_SOURCE;
				MTL_FAST_MATH = YES;
				ONLY_ACTIVE_ARCH = YES;
				SDKROOT = iphoneos;
				SWIFT_ACTIVE_COMPILATION_CONDITIONS = DEBUG;
				SWIFT_OPTIMIZATION_LEVEL = "-Onone";
			};
			name = Debug;
		};
		856E26FE293E10B80007DE76 /* Release */ = {
			isa = XCBuildConfiguration;
			buildSettings = {
				ALWAYS_SEARCH_USER_PATHS = NO;
				CLANG_ANALYZER_NONNULL = YES;
				CLANG_ANALYZER_NUMBER_OBJECT_CONVERSION = YES_AGGRESSIVE;
				CLANG_CXX_LANGUAGE_STANDARD = "gnu++17";
				CLANG_ENABLE_MODULES = YES;
				CLANG_ENABLE_OBJC_ARC = YES;
				CLANG_ENABLE_OBJC_WEAK = YES;
				CLANG_WARN_BLOCK_CAPTURE_AUTORELEASING = YES;
				CLANG_WARN_BOOL_CONVERSION = YES;
				CLANG_WARN_COMMA = YES;
				CLANG_WARN_CONSTANT_CONVERSION = YES;
				CLANG_WARN_DEPRECATED_OBJC_IMPLEMENTATIONS = YES;
				CLANG_WARN_DIRECT_OBJC_ISA_USAGE = YES_ERROR;
				CLANG_WARN_DOCUMENTATION_COMMENTS = YES;
				CLANG_WARN_EMPTY_BODY = YES;
				CLANG_WARN_ENUM_CONVERSION = YES;
				CLANG_WARN_INFINITE_RECURSION = YES;
				CLANG_WARN_INT_CONVERSION = YES;
				CLANG_WARN_NON_LITERAL_NULL_CONVERSION = YES;
				CLANG_WARN_OBJC_IMPLICIT_RETAIN_SELF = YES;
				CLANG_WARN_OBJC_LITERAL_CONVERSION = YES;
				CLANG_WARN_OBJC_ROOT_CLASS = YES_ERROR;
				CLANG_WARN_QUOTED_INCLUDE_IN_FRAMEWORK_HEADER = YES;
				CLANG_WARN_RANGE_LOOP_ANALYSIS = YES;
				CLANG_WARN_STRICT_PROTOTYPES = YES;
				CLANG_WARN_SUSPICIOUS_MOVE = YES;
				CLANG_WARN_UNGUARDED_AVAILABILITY = YES_AGGRESSIVE;
				CLANG_WARN_UNREACHABLE_CODE = YES;
				CLANG_WARN__DUPLICATE_METHOD_MATCH = YES;
				COPY_PHASE_STRIP = NO;
				DEBUG_INFORMATION_FORMAT = "dwarf-with-dsym";
				ENABLE_NS_ASSERTIONS = NO;
				ENABLE_STRICT_OBJC_MSGSEND = YES;
				GCC_C_LANGUAGE_STANDARD = gnu11;
				GCC_NO_COMMON_BLOCKS = YES;
				GCC_WARN_64_TO_32_BIT_CONVERSION = YES;
				GCC_WARN_ABOUT_RETURN_TYPE = YES_ERROR;
				GCC_WARN_UNDECLARED_SELECTOR = YES;
				GCC_WARN_UNINITIALIZED_AUTOS = YES_AGGRESSIVE;
				GCC_WARN_UNUSED_FUNCTION = YES;
				GCC_WARN_UNUSED_VARIABLE = YES;
				IPHONEOS_DEPLOYMENT_TARGET = 15.4;
				MTL_ENABLE_DEBUG_INFO = NO;
				MTL_FAST_MATH = YES;
				SDKROOT = iphoneos;
				SWIFT_COMPILATION_MODE = wholemodule;
				SWIFT_OPTIMIZATION_LEVEL = "-O";
				VALIDATE_PRODUCT = YES;
			};
			name = Release;
		};
		856E2700293E10B80007DE76 /* Debug */ = {
			isa = XCBuildConfiguration;
			buildSettings = {
				ASSETCATALOG_COMPILER_APPICON_NAME = AppIcon;
				ASSETCATALOG_COMPILER_GLOBAL_ACCENT_COLOR_NAME = AccentColor;
				CODE_SIGN_STYLE = Automatic;
				CURRENT_PROJECT_VERSION = 1;
				DEVELOPMENT_TEAM = K58CCQ4TCZ;
				GENERATE_INFOPLIST_FILE = YES;
				INFOPLIST_FILE = ContactsApp/Info.plist;
				INFOPLIST_KEY_UIApplicationSupportsIndirectInputEvents = YES;
				INFOPLIST_KEY_UILaunchStoryboardName = LaunchScreen;
				INFOPLIST_KEY_UIMainStoryboardFile = Main;
				INFOPLIST_KEY_UISupportedInterfaceOrientations_iPad = "UIInterfaceOrientationPortrait UIInterfaceOrientationPortraitUpsideDown UIInterfaceOrientationLandscapeLeft UIInterfaceOrientationLandscapeRight";
				INFOPLIST_KEY_UISupportedInterfaceOrientations_iPhone = "UIInterfaceOrientationPortrait UIInterfaceOrientationLandscapeLeft UIInterfaceOrientationLandscapeRight";
				LD_RUNPATH_SEARCH_PATHS = (
					"$(inherited)",
					"@executable_path/Frameworks",
				);
				MARKETING_VERSION = 1.0;
				PRODUCT_BUNDLE_IDENTIFIER = com.uliana.ContactsApp;
				PRODUCT_NAME = "$(TARGET_NAME)";
				SWIFT_EMIT_LOC_STRINGS = YES;
				SWIFT_VERSION = 5.0;
				TARGETED_DEVICE_FAMILY = "1,2";
			};
			name = Debug;
		};
		856E2701293E10B80007DE76 /* Release */ = {
			isa = XCBuildConfiguration;
			buildSettings = {
				ASSETCATALOG_COMPILER_APPICON_NAME = AppIcon;
				ASSETCATALOG_COMPILER_GLOBAL_ACCENT_COLOR_NAME = AccentColor;
				CODE_SIGN_STYLE = Automatic;
				CURRENT_PROJECT_VERSION = 1;
				DEVELOPMENT_TEAM = K58CCQ4TCZ;
				GENERATE_INFOPLIST_FILE = YES;
				INFOPLIST_FILE = ContactsApp/Info.plist;
				INFOPLIST_KEY_UIApplicationSupportsIndirectInputEvents = YES;
				INFOPLIST_KEY_UILaunchStoryboardName = LaunchScreen;
				INFOPLIST_KEY_UIMainStoryboardFile = Main;
				INFOPLIST_KEY_UISupportedInterfaceOrientations_iPad = "UIInterfaceOrientationPortrait UIInterfaceOrientationPortraitUpsideDown UIInterfaceOrientationLandscapeLeft UIInterfaceOrientationLandscapeRight";
				INFOPLIST_KEY_UISupportedInterfaceOrientations_iPhone = "UIInterfaceOrientationPortrait UIInterfaceOrientationLandscapeLeft UIInterfaceOrientationLandscapeRight";
				LD_RUNPATH_SEARCH_PATHS = (
					"$(inherited)",
					"@executable_path/Frameworks",
				);
				MARKETING_VERSION = 1.0;
				PRODUCT_BUNDLE_IDENTIFIER = com.uliana.ContactsApp;
				PRODUCT_NAME = "$(TARGET_NAME)";
				SWIFT_EMIT_LOC_STRINGS = YES;
				SWIFT_VERSION = 5.0;
				TARGETED_DEVICE_FAMILY = "1,2";
			};
			name = Release;
		};
/* End XCBuildConfiguration section */

/* Begin XCConfigurationList section */
		856E26E6293E10B70007DE76 /* Build configuration list for PBXProject "ContactsApp" */ = {
			isa = XCConfigurationList;
			buildConfigurations = (
				856E26FD293E10B80007DE76 /* Debug */,
				856E26FE293E10B80007DE76 /* Release */,
			);
			defaultConfigurationIsVisible = 0;
			defaultConfigurationName = Release;
		};
		856E26FF293E10B80007DE76 /* Build configuration list for PBXNativeTarget "ContactsApp" */ = {
			isa = XCConfigurationList;
			buildConfigurations = (
				856E2700293E10B80007DE76 /* Debug */,
				856E2701293E10B80007DE76 /* Release */,
			);
			defaultConfigurationIsVisible = 0;
			defaultConfigurationName = Release;
		};
/* End XCConfigurationList section */
	};
	rootObject = 856E26E3293E10B70007DE76 /* Project object */;
}
